// !$*UTF8*$!
{
	archiveVersion = 1;
	classes = {
	};
	objectVersion = 56;
	objects = {

/* Begin PBXBuildFile section */
		0329042629F69F7A001887CA /* AddView.swift in Sources */ = {isa = PBXBuildFile; fileRef = 0329042529F69F7A001887CA /* AddView.swift */; };
		033E8D2829F69797003D9E10 /* __8App.swift in Sources */ = {isa = PBXBuildFile; fileRef = 033E8D2729F69797003D9E10 /* __8App.swift */; };
		033E8D2A29F69797003D9E10 /* ContentView.swift in Sources */ = {isa = PBXBuildFile; fileRef = 033E8D2929F69797003D9E10 /* ContentView.swift */; };
		033E8D2C29F69798003D9E10 /* Assets.xcassets in Resources */ = {isa = PBXBuildFile; fileRef = 033E8D2B29F69798003D9E10 /* Assets.xcassets */; };
		033E8D2F29F69798003D9E10 /* Preview Assets.xcassets in Resources */ = {isa = PBXBuildFile; fileRef = 033E8D2E29F69798003D9E10 /* Preview Assets.xcassets */; };
		033E8D3129F69798003D9E10 /* Persistence.swift in Sources */ = {isa = PBXBuildFile; fileRef = 033E8D3029F69798003D9E10 /* Persistence.swift */; };
		033E8D3429F69798003D9E10 /* __8.xcdatamodeld in Sources */ = {isa = PBXBuildFile; fileRef = 033E8D3229F69798003D9E10 /* __8.xcdatamodeld */; };
		033E8D3E29F69798003D9E10 /* __8Tests.swift in Sources */ = {isa = PBXBuildFile; fileRef = 033E8D3D29F69798003D9E10 /* __8Tests.swift */; };
		033E8D4829F69798003D9E10 /* __8UITests.swift in Sources */ = {isa = PBXBuildFile; fileRef = 033E8D4729F69798003D9E10 /* __8UITests.swift */; };
		033E8D4A29F69798003D9E10 /* __8UITestsLaunchTests.swift in Sources */ = {isa = PBXBuildFile; fileRef = 033E8D4929F69798003D9E10 /* __8UITestsLaunchTests.swift */; };
/* End PBXBuildFile section */

/* Begin PBXContainerItemProxy section */
		033E8D3A29F69798003D9E10 /* PBXContainerItemProxy */ = {
			isa = PBXContainerItemProxy;
			containerPortal = 033E8D1C29F69797003D9E10 /* Project object */;
			proxyType = 1;
			remoteGlobalIDString = 033E8D2329F69797003D9E10;
			remoteInfo = "7-8";
		};
		033E8D4429F69798003D9E10 /* PBXContainerItemProxy */ = {
			isa = PBXContainerItemProxy;
			containerPortal = 033E8D1C29F69797003D9E10 /* Project object */;
			proxyType = 1;
			remoteGlobalIDString = 033E8D2329F69797003D9E10;
			remoteInfo = "7-8";
		};
/* End PBXContainerItemProxy section */

/* Begin PBXFileReference section */
		0329042529F69F7A001887CA /* AddView.swift */ = {isa = PBXFileReference; lastKnownFileType = sourcecode.swift; path = AddView.swift; sourceTree = "<group>"; };
		033E8D2429F69797003D9E10 /* 7-8.app */ = {isa = PBXFileReference; explicitFileType = wrapper.application; includeInIndex = 0; path = "7-8.app"; sourceTree = BUILT_PRODUCTS_DIR; };
		033E8D2729F69797003D9E10 /* __8App.swift */ = {isa = PBXFileReference; lastKnownFileType = sourcecode.swift; path = __8App.swift; sourceTree = "<group>"; };
		033E8D2929F69797003D9E10 /* ContentView.swift */ = {isa = PBXFileReference; lastKnownFileType = sourcecode.swift; path = ContentView.swift; sourceTree = "<group>"; };
		033E8D2B29F69798003D9E10 /* Assets.xcassets */ = {isa = PBXFileReference; lastKnownFileType = folder.assetcatalog; path = Assets.xcassets; sourceTree = "<group>"; };
		033E8D2E29F69798003D9E10 /* Preview Assets.xcassets */ = {isa = PBXFileReference; lastKnownFileType = folder.assetcatalog; path = "Preview Assets.xcassets"; sourceTree = "<group>"; };
		033E8D3029F69798003D9E10 /* Persistence.swift */ = {isa = PBXFileReference; lastKnownFileType = sourcecode.swift; path = Persistence.swift; sourceTree = "<group>"; };
		033E8D3329F69798003D9E10 /* __8.xcdatamodel */ = {isa = PBXFileReference; lastKnownFileType = wrapper.xcdatamodel; path = __8.xcdatamodel; sourceTree = "<group>"; };
		033E8D3929F69798003D9E10 /* 7-8Tests.xctest */ = {isa = PBXFileReference; explicitFileType = wrapper.cfbundle; includeInIndex = 0; path = "7-8Tests.xctest"; sourceTree = BUILT_PRODUCTS_DIR; };
		033E8D3D29F69798003D9E10 /* __8Tests.swift */ = {isa = PBXFileReference; lastKnownFileType = sourcecode.swift; path = __8Tests.swift; sourceTree = "<group>"; };
		033E8D4329F69798003D9E10 /* 7-8UITests.xctest */ = {isa = PBXFileReference; explicitFileType = wrapper.cfbundle; includeInIndex = 0; path = "7-8UITests.xctest"; sourceTree = BUILT_PRODUCTS_DIR; };
		033E8D4729F69798003D9E10 /* __8UITests.swift */ = {isa = PBXFileReference; lastKnownFileType = sourcecode.swift; path = __8UITests.swift; sourceTree = "<group>"; };
		033E8D4929F69798003D9E10 /* __8UITestsLaunchTests.swift */ = {isa = PBXFileReference; lastKnownFileType = sourcecode.swift; path = __8UITestsLaunchTests.swift; sourceTree = "<group>"; };
/* End PBXFileReference section */

/* Begin PBXFrameworksBuildPhase section */
		033E8D2129F69797003D9E10 /* Frameworks */ = {
			isa = PBXFrameworksBuildPhase;
			buildActionMask = 2147483647;
			files = (
			);
			runOnlyForDeploymentPostprocessing = 0;
		};
		033E8D3629F69798003D9E10 /* Frameworks */ = {
			isa = PBXFrameworksBuildPhase;
			buildActionMask = 2147483647;
			files = (
			);
			runOnlyForDeploymentPostprocessing = 0;
		};
		033E8D4029F69798003D9E10 /* Frameworks */ = {
			isa = PBXFrameworksBuildPhase;
			buildActionMask = 2147483647;
			files = (
			);
			runOnlyForDeploymentPostprocessing = 0;
		};
/* End PBXFrameworksBuildPhase section */

/* Begin PBXGroup section */
		033E8D1B29F69797003D9E10 = {
			isa = PBXGroup;
			children = (
				033E8D2629F69797003D9E10 /* 7-8 */,
				033E8D3C29F69798003D9E10 /* 7-8Tests */,
				033E8D4629F69798003D9E10 /* 7-8UITests */,
				033E8D2529F69797003D9E10 /* Products */,
			);
			sourceTree = "<group>";
		};
		033E8D2529F69797003D9E10 /* Products */ = {
			isa = PBXGroup;
			children = (
				033E8D2429F69797003D9E10 /* 7-8.app */,
				033E8D3929F69798003D9E10 /* 7-8Tests.xctest */,
				033E8D4329F69798003D9E10 /* 7-8UITests.xctest */,
			);
			name = Products;
			sourceTree = "<group>";
		};
		033E8D2629F69797003D9E10 /* 7-8 */ = {
			isa = PBXGroup;
			children = (
				033E8D2729F69797003D9E10 /* __8App.swift */,
				033E8D2929F69797003D9E10 /* ContentView.swift */,
				0329042529F69F7A001887CA /* AddView.swift */,
				033E8D3029F69798003D9E10 /* Persistence.swift */,
				033E8D2B29F69798003D9E10 /* Assets.xcassets */,
				033E8D3229F69798003D9E10 /* __8.xcdatamodeld */,
				033E8D2D29F69798003D9E10 /* Preview Content */,
			);
			path = "7-8";
			sourceTree = "<group>";
		};
		033E8D2D29F69798003D9E10 /* Preview Content */ = {
			isa = PBXGroup;
			children = (
				033E8D2E29F69798003D9E10 /* Preview Assets.xcassets */,
			);
			path = "Preview Content";
			sourceTree = "<group>";
		};
		033E8D3C29F69798003D9E10 /* 7-8Tests */ = {
			isa = PBXGroup;
			children = (
				033E8D3D29F69798003D9E10 /* __8Tests.swift */,
			);
			path = "7-8Tests";
			sourceTree = "<group>";
		};
		033E8D4629F69798003D9E10 /* 7-8UITests */ = {
			isa = PBXGroup;
			children = (
				033E8D4729F69798003D9E10 /* __8UITests.swift */,
				033E8D4929F69798003D9E10 /* __8UITestsLaunchTests.swift */,
			);
			path = "7-8UITests";
			sourceTree = "<group>";
		};
/* End PBXGroup section */

/* Begin PBXNativeTarget section */
		033E8D2329F69797003D9E10 /* 7-8 */ = {
			isa = PBXNativeTarget;
			buildConfigurationList = 033E8D4D29F69798003D9E10 /* Build configuration list for PBXNativeTarget "7-8" */;
			buildPhases = (
				033E8D2029F69797003D9E10 /* Sources */,
				033E8D2129F69797003D9E10 /* Frameworks */,
				033E8D2229F69797003D9E10 /* Resources */,
			);
			buildRules = (
			);
			dependencies = (
			);
			name = "7-8";
			productName = "7-8";
			productReference = 033E8D2429F69797003D9E10 /* 7-8.app */;
			productType = "com.apple.product-type.application";
		};
		033E8D3829F69798003D9E10 /* 7-8Tests */ = {
			isa = PBXNativeTarget;
			buildConfigurationList = 033E8D5029F69798003D9E10 /* Build configuration list for PBXNativeTarget "7-8Tests" */;
			buildPhases = (
				033E8D3529F69798003D9E10 /* Sources */,
				033E8D3629F69798003D9E10 /* Frameworks */,
				033E8D3729F69798003D9E10 /* Resources */,
			);
			buildRules = (
			);
			dependencies = (
				033E8D3B29F69798003D9E10 /* PBXTargetDependency */,
			);
			name = "7-8Tests";
			productName = "7-8Tests";
			productReference = 033E8D3929F69798003D9E10 /* 7-8Tests.xctest */;
			productType = "com.apple.product-type.bundle.unit-test";
		};
		033E8D4229F69798003D9E10 /* 7-8UITests */ = {
			isa = PBXNativeTarget;
			buildConfigurationList = 033E8D5329F69798003D9E10 /* Build configuration list for PBXNativeTarget "7-8UITests" */;
			buildPhases = (
				033E8D3F29F69798003D9E10 /* Sources */,
				033E8D4029F69798003D9E10 /* Frameworks */,
				033E8D4129F69798003D9E10 /* Resources */,
			);
			buildRules = (
			);
			dependencies = (
				033E8D4529F69798003D9E10 /* PBXTargetDependency */,
			);
			name = "7-8UITests";
			productName = "7-8UITests";
			productReference = 033E8D4329F69798003D9E10 /* 7-8UITests.xctest */;
			productType = "com.apple.product-type.bundle.ui-testing";
		};
/* End PBXNativeTarget section */

/* Begin PBXProject section */
		033E8D1C29F69797003D9E10 /* Project object */ = {
			isa = PBXProject;
			attributes = {
				BuildIndependentTargetsInParallel = 1;
				LastSwiftUpdateCheck = 1420;
				LastUpgradeCheck = 1420;
				TargetAttributes = {
					033E8D2329F69797003D9E10 = {
						CreatedOnToolsVersion = 14.2;
					};
					033E8D3829F69798003D9E10 = {
						CreatedOnToolsVersion = 14.2;
						TestTargetID = 033E8D2329F69797003D9E10;
					};
					033E8D4229F69798003D9E10 = {
						CreatedOnToolsVersion = 14.2;
						TestTargetID = 033E8D2329F69797003D9E10;
					};
				};
			};
			buildConfigurationList = 033E8D1F29F69797003D9E10 /* Build configuration list for PBXProject "7-8" */;
			compatibilityVersion = "Xcode 14.0";
			developmentRegion = en;
			hasScannedForEncodings = 0;
			knownRegions = (
				en,
				Base,
			);
			mainGroup = 033E8D1B29F69797003D9E10;
			productRefGroup = 033E8D2529F69797003D9E10 /* Products */;
			projectDirPath = "";
			projectRoot = "";
			targets = (
				033E8D2329F69797003D9E10 /* 7-8 */,
				033E8D3829F69798003D9E10 /* 7-8Tests */,
				033E8D4229F69798003D9E10 /* 7-8UITests */,
			);
		};
/* End PBXProject section */

/* Begin PBXResourcesBuildPhase section */
		033E8D2229F69797003D9E10 /* Resources */ = {
			isa = PBXResourcesBuildPhase;
			buildActionMask = 2147483647;
			files = (
				033E8D2F29F69798003D9E10 /* Preview Assets.xcassets in Resources */,
				033E8D2C29F69798003D9E10 /* Assets.xcassets in Resources */,
			);
			runOnlyForDeploymentPostprocessing = 0;
		};
		033E8D3729F69798003D9E10 /* Resources */ = {
			isa = PBXResourcesBuildPhase;
			buildActionMask = 2147483647;
			files = (
			);
			runOnlyForDeploymentPostprocessing = 0;
		};
		033E8D4129F69798003D9E10 /* Resources */ = {
			isa = PBXResourcesBuildPhase;
			buildActionMask = 2147483647;
			files = (
			);
			runOnlyForDeploymentPostprocessing = 0;
		};
/* End PBXResourcesBuildPhase section */

/* Begin PBXSourcesBuildPhase section */
		033E8D2029F69797003D9E10 /* Sources */ = {
			isa = PBXSourcesBuildPhase;
			buildActionMask = 2147483647;
			files = (
				033E8D3129F69798003D9E10 /* Persistence.swift in Sources */,
				033E8D2A29F69797003D9E10 /* ContentView.swift in Sources */,
				0329042629F69F7A001887CA /* AddView.swift in Sources */,
				033E8D3429F69798003D9E10 /* __8.xcdatamodeld in Sources */,
				033E8D2829F69797003D9E10 /* __8App.swift in Sources */,
			);
			runOnlyForDeploymentPostprocessing = 0;
		};
		033E8D3529F69798003D9E10 /* Sources */ = {
			isa = PBXSourcesBuildPhase;
			buildActionMask = 2147483647;
			files = (
				033E8D3E29F69798003D9E10 /* __8Tests.swift in Sources */,
			);
			runOnlyForDeploymentPostprocessing = 0;
		};
		033E8D3F29F69798003D9E10 /* Sources */ = {
			isa = PBXSourcesBuildPhase;
			buildActionMask = 2147483647;
			files = (
				033E8D4829F69798003D9E10 /* __8UITests.swift in Sources */,
				033E8D4A29F69798003D9E10 /* __8UITestsLaunchTests.swift in Sources */,
			);
			runOnlyForDeploymentPostprocessing = 0;
		};
/* End PBXSourcesBuildPhase section */

/* Begin PBXTargetDependency section */
		033E8D3B29F69798003D9E10 /* PBXTargetDependency */ = {
			isa = PBXTargetDependency;
			target = 033E8D2329F69797003D9E10 /* 7-8 */;
			targetProxy = 033E8D3A29F69798003D9E10 /* PBXContainerItemProxy */;
		};
		033E8D4529F69798003D9E10 /* PBXTargetDependency */ = {
			isa = PBXTargetDependency;
			target = 033E8D2329F69797003D9E10 /* 7-8 */;
			targetProxy = 033E8D4429F69798003D9E10 /* PBXContainerItemProxy */;
		};
/* End PBXTargetDependency section */

/* Begin XCBuildConfiguration section */
		033E8D4B29F69798003D9E10 /* Debug */ = {
			isa = XCBuildConfiguration;
			buildSettings = {
				ALWAYS_SEARCH_USER_PATHS = NO;
				CLANG_ANALYZER_NONNULL = YES;
				CLANG_ANALYZER_NUMBER_OBJECT_CONVERSION = YES_AGGRESSIVE;
				CLANG_CXX_LANGUAGE_STANDARD = "gnu++20";
				CLANG_ENABLE_MODULES = YES;
				CLANG_ENABLE_OBJC_ARC = YES;
				CLANG_ENABLE_OBJC_WEAK = YES;
				CLANG_WARN_BLOCK_CAPTURE_AUTORELEASING = YES;
				CLANG_WARN_BOOL_CONVERSION = YES;
				CLANG_WARN_COMMA = YES;
				CLANG_WARN_CONSTANT_CONVERSION = YES;
				CLANG_WARN_DEPRECATED_OBJC_IMPLEMENTATIONS = YES;
				CLANG_WARN_DIRECT_OBJC_ISA_USAGE = YES_ERROR;
				CLANG_WARN_DOCUMENTATION_COMMENTS = YES;
				CLANG_WARN_EMPTY_BODY = YES;
				CLANG_WARN_ENUM_CONVERSION = YES;
				CLANG_WARN_INFINITE_RECURSION = YES;
				CLANG_WARN_INT_CONVERSION = YES;
				CLANG_WARN_NON_LITERAL_NULL_CONVERSION = YES;
				CLANG_WARN_OBJC_IMPLICIT_RETAIN_SELF = YES;
				CLANG_WARN_OBJC_LITERAL_CONVERSION = YES;
				CLANG_WARN_OBJC_ROOT_CLASS = YES_ERROR;
				CLANG_WARN_QUOTED_INCLUDE_IN_FRAMEWORK_HEADER = YES;
				CLANG_WARN_RANGE_LOOP_ANALYSIS = YES;
				CLANG_WARN_STRICT_PROTOTYPES = YES;
				CLANG_WARN_SUSPICIOUS_MOVE = YES;
				CLANG_WARN_UNGUARDED_AVAILABILITY = YES_AGGRESSIVE;
				CLANG_WARN_UNREACHABLE_CODE = YES;
				CLANG_WARN__DUPLICATE_METHOD_MATCH = YES;
				COPY_PHASE_STRIP = NO;
				DEBUG_INFORMATION_FORMAT = dwarf;
				ENABLE_STRICT_OBJC_MSGSEND = YES;
				ENABLE_TESTABILITY = YES;
				GCC_C_LANGUAGE_STANDARD = gnu11;
				GCC_DYNAMIC_NO_PIC = NO;
				GCC_NO_COMMON_BLOCKS = YES;
				GCC_OPTIMIZATION_LEVEL = 0;
				GCC_PREPROCESSOR_DEFINITIONS = (
					"DEBUG=1",
					"$(inherited)",
				);
				GCC_WARN_64_TO_32_BIT_CONVERSION = YES;
				GCC_WARN_ABOUT_RETURN_TYPE = YES_ERROR;
				GCC_WARN_UNDECLARED_SELECTOR = YES;
				GCC_WARN_UNINITIALIZED_AUTOS = YES_AGGRESSIVE;
				GCC_WARN_UNUSED_FUNCTION = YES;
				GCC_WARN_UNUSED_VARIABLE = YES;
				IPHONEOS_DEPLOYMENT_TARGET = 16.2;
				MTL_ENABLE_DEBUG_INFO = INCLUDE_SOURCE;
				MTL_FAST_MATH = YES;
				ONLY_ACTIVE_ARCH = YES;
				SDKROOT = iphoneos;
				SWIFT_ACTIVE_COMPILATION_CONDITIONS = DEBUG;
				SWIFT_OPTIMIZATION_LEVEL = "-Onone";
			};
			name = Debug;
		};
		033E8D4C29F69798003D9E10 /* Release */ = {
			isa = XCBuildConfiguration;
			buildSettings = {
				ALWAYS_SEARCH_USER_PATHS = NO;
				CLANG_ANALYZER_NONNULL = YES;
				CLANG_ANALYZER_NUMBER_OBJECT_CONVERSION = YES_AGGRESSIVE;
				CLANG_CXX_LANGUAGE_STANDARD = "gnu++20";
				CLANG_ENABLE_MODULES = YES;
				CLANG_ENABLE_OBJC_ARC = YES;
				CLANG_ENABLE_OBJC_WEAK = YES;
				CLANG_WARN_BLOCK_CAPTURE_AUTORELEASING = YES;
				CLANG_WARN_BOOL_CONVERSION = YES;
				CLANG_WARN_COMMA = YES;
				CLANG_WARN_CONSTANT_CONVERSION = YES;
				CLANG_WARN_DEPRECATED_OBJC_IMPLEMENTATIONS = YES;
				CLANG_WARN_DIRECT_OBJC_ISA_USAGE = YES_ERROR;
				CLANG_WARN_DOCUMENTATION_COMMENTS = YES;
				CLANG_WARN_EMPTY_BODY = YES;
				CLANG_WARN_ENUM_CONVERSION = YES;
				CLANG_WARN_INFINITE_RECURSION = YES;
				CLANG_WARN_INT_CONVERSION = YES;
				CLANG_WARN_NON_LITERAL_NULL_CONVERSION = YES;
				CLANG_WARN_OBJC_IMPLICIT_RETAIN_SELF = YES;
				CLANG_WARN_OBJC_LITERAL_CONVERSION = YES;
				CLANG_WARN_OBJC_ROOT_CLASS = YES_ERROR;
				CLANG_WARN_QUOTED_INCLUDE_IN_FRAMEWORK_HEADER = YES;
				CLANG_WARN_RANGE_LOOP_ANALYSIS = YES;
				CLANG_WARN_STRICT_PROTOTYPES = YES;
				CLANG_WARN_SUSPICIOUS_MOVE = YES;
				CLANG_WARN_UNGUARDED_AVAILABILITY = YES_AGGRESSIVE;
				CLANG_WARN_UNREACHABLE_CODE = YES;
				CLANG_WARN__DUPLICATE_METHOD_MATCH = YES;
				COPY_PHASE_STRIP = NO;
				DEBUG_INFORMATION_FORMAT = "dwarf-with-dsym";
				ENABLE_NS_ASSERTIONS = NO;
				ENABLE_STRICT_OBJC_MSGSEND = YES;
				GCC_C_LANGUAGE_STANDARD = gnu11;
				GCC_NO_COMMON_BLOCKS = YES;
				GCC_WARN_64_TO_32_BIT_CONVERSION = YES;
				GCC_WARN_ABOUT_RETURN_TYPE = YES_ERROR;
				GCC_WARN_UNDECLARED_SELECTOR = YES;
				GCC_WARN_UNINITIALIZED_AUTOS = YES_AGGRESSIVE;
				GCC_WARN_UNUSED_FUNCTION = YES;
				GCC_WARN_UNUSED_VARIABLE = YES;
				IPHONEOS_DEPLOYMENT_TARGET = 16.2;
				MTL_ENABLE_DEBUG_INFO = NO;
				MTL_FAST_MATH = YES;
				SDKROOT = iphoneos;
				SWIFT_COMPILATION_MODE = wholemodule;
				SWIFT_OPTIMIZATION_LEVEL = "-O";
				VALIDATE_PRODUCT = YES;
			};
			name = Release;
		};
		033E8D4E29F69798003D9E10 /* Debug */ = {
			isa = XCBuildConfiguration;
			buildSettings = {
				ASSETCATALOG_COMPILER_APPICON_NAME = AppIcon;
				ASSETCATALOG_COMPILER_GLOBAL_ACCENT_COLOR_NAME = AccentColor;
				CODE_SIGN_STYLE = Automatic;
				CURRENT_PROJECT_VERSION = 1;
				DEVELOPMENT_ASSET_PATHS = "\"7-8/Preview Content\"";
				DEVELOPMENT_TEAM = 82XU5V5J3K;
				ENABLE_PREVIEWS = YES;
				GENERATE_INFOPLIST_FILE = YES;
				INFOPLIST_KEY_UIApplicationSceneManifest_Generation = YES;
				INFOPLIST_KEY_UIApplicationSupportsIndirectInputEvents = YES;
				INFOPLIST_KEY_UILaunchScreen_Generation = YES;
				INFOPLIST_KEY_UISupportedInterfaceOrientations_iPad = "UIInterfaceOrientationPortrait UIInterfaceOrientationPortraitUpsideDown UIInterfaceOrientationLandscapeLeft UIInterfaceOrientationLandscapeRight";
				INFOPLIST_KEY_UISupportedInterfaceOrientations_iPhone = "UIInterfaceOrientationPortrait UIInterfaceOrientationLandscapeLeft UIInterfaceOrientationLandscapeRight";
				LD_RUNPATH_SEARCH_PATHS = (
					"$(inherited)",
					"@executable_path/Frameworks",
				);
				MARKETING_VERSION = 1.0;
				PRODUCT_BUNDLE_IDENTIFIER = "Lab.--8";
				PRODUCT_NAME = "$(TARGET_NAME)";
				SWIFT_EMIT_LOC_STRINGS = YES;
				SWIFT_VERSION = 5.0;
				TARGETED_DEVICE_FAMILY = "1,2";
			};
			name = Debug;
		};
		033E8D4F29F69798003D9E10 /* Release */ = {
			isa = XCBuildConfiguration;
			buildSettings = {
				ASSETCATALOG_COMPILER_APPICON_NAME = AppIcon;
				ASSETCATALOG_COMPILER_GLOBAL_ACCENT_COLOR_NAME = AccentColor;
				CODE_SIGN_STYLE = Automatic;
				CURRENT_PROJECT_VERSION = 1;
				DEVELOPMENT_ASSET_PATHS = "\"7-8/Preview Content\"";
				DEVELOPMENT_TEAM = 82XU5V5J3K;
				ENABLE_PREVIEWS = YES;
				GENERATE_INFOPLIST_FILE = YES;
				INFOPLIST_KEY_UIApplicationSceneManifest_Generation = YES;
				INFOPLIST_KEY_UIApplicationSupportsIndirectInputEvents = YES;
				INFOPLIST_KEY_UILaunchScreen_Generation = YES;
				INFOPLIST_KEY_UISupportedInterfaceOrientations_iPad = "UIInterfaceOrientationPortrait UIInterfaceOrientationPortraitUpsideDown UIInterfaceOrientationLandscapeLeft UIInterfaceOrientationLandscapeRight";
				INFOPLIST_KEY_UISupportedInterfaceOrientations_iPhone = "UIInterfaceOrientationPortrait UIInterfaceOrientationLandscapeLeft UIInterfaceOrientationLandscapeRight";
				LD_RUNPATH_SEARCH_PATHS = (
					"$(inherited)",
					"@executable_path/Frameworks",
				);
				MARKETING_VERSION = 1.0;
				PRODUCT_BUNDLE_IDENTIFIER = "Lab.--8";
				PRODUCT_NAME = "$(TARGET_NAME)";
				SWIFT_EMIT_LOC_STRINGS = YES;
				SWIFT_VERSION = 5.0;
				TARGETED_DEVICE_FAMILY = "1,2";
			};
			name = Release;
		};
		033E8D5129F69798003D9E10 /* Debug */ = {
			isa = XCBuildConfiguration;
			buildSettings = {
				ALWAYS_EMBED_SWIFT_STANDARD_LIBRARIES = YES;
				BUNDLE_LOADER = "$(TEST_HOST)";
				CODE_SIGN_STYLE = Automatic;
				CURRENT_PROJECT_VERSION = 1;
				DEVELOPMENT_TEAM = 82XU5V5J3K;
				GENERATE_INFOPLIST_FILE = YES;
				IPHONEOS_DEPLOYMENT_TARGET = 16.2;
				MARKETING_VERSION = 1.0;
				PRODUCT_BUNDLE_IDENTIFIER = "Lab.--8Tests";
				PRODUCT_NAME = "$(TARGET_NAME)";
				SWIFT_EMIT_LOC_STRINGS = NO;
				SWIFT_VERSION = 5.0;
				TARGETED_DEVICE_FAMILY = "1,2";
				TEST_HOST = "$(BUILT_PRODUCTS_DIR)/7-8.app/$(BUNDLE_EXECUTABLE_FOLDER_PATH)/7-8";
			};
			name = Debug;
		};
		033E8D5229F69798003D9E10 /* Release */ = {
			isa = XCBuildConfiguration;
			buildSettings = {
				ALWAYS_EMBED_SWIFT_STANDARD_LIBRARIES = YES;
				BUNDLE_LOADER = "$(TEST_HOST)";
				CODE_SIGN_STYLE = Automatic;
				CURRENT_PROJECT_VERSION = 1;
				DEVELOPMENT_TEAM = 82XU5V5J3K;
				GENERATE_INFOPLIST_FILE = YES;
				IPHONEOS_DEPLOYMENT_TARGET = 16.2;
				MARKETING_VERSION = 1.0;
				PRODUCT_BUNDLE_IDENTIFIER = "Lab.--8Tests";
				PRODUCT_NAME = "$(TARGET_NAME)";
				SWIFT_EMIT_LOC_STRINGS = NO;
				SWIFT_VERSION = 5.0;
				TARGETED_DEVICE_FAMILY = "1,2";
				TEST_HOST = "$(BUILT_PRODUCTS_DIR)/7-8.app/$(BUNDLE_EXECUTABLE_FOLDER_PATH)/7-8";
			};
			name = Release;
		};
		033E8D5429F69798003D9E10 /* Debug */ = {
			isa = XCBuildConfiguration;
			buildSettings = {
				ALWAYS_EMBED_SWIFT_STANDARD_LIBRARIES = YES;
				CODE_SIGN_STYLE = Automatic;
				CURRENT_PROJECT_VERSION = 1;
				DEVELOPMENT_TEAM = 82XU5V5J3K;
				GENERATE_INFOPLIST_FILE = YES;
				MARKETING_VERSION = 1.0;
				PRODUCT_BUNDLE_IDENTIFIER = "Lab.--8UITests";
				PRODUCT_NAME = "$(TARGET_NAME)";
				SWIFT_EMIT_LOC_STRINGS = NO;
				SWIFT_VERSION = 5.0;
				TARGETED_DEVICE_FAMILY = "1,2";
				TEST_TARGET_NAME = "7-8";
			};
			name = Debug;
		};
		033E8D5529F69798003D9E10 /* Release */ = {
			isa = XCBuildConfiguration;
			buildSettings = {
				ALWAYS_EMBED_SWIFT_STANDARD_LIBRARIES = YES;
				CODE_SIGN_STYLE = Automatic;
				CURRENT_PROJECT_VERSION = 1;
				DEVELOPMENT_TEAM = 82XU5V5J3K;
				GENERATE_INFOPLIST_FILE = YES;
				MARKETING_VERSION = 1.0;
				PRODUCT_BUNDLE_IDENTIFIER = "Lab.--8UITests";
				PRODUCT_NAME = "$(TARGET_NAME)";
				SWIFT_EMIT_LOC_STRINGS = NO;
				SWIFT_VERSION = 5.0;
				TARGETED_DEVICE_FAMILY = "1,2";
				TEST_TARGET_NAME = "7-8";
			};
			name = Release;
		};
/* End XCBuildConfiguration section */

/* Begin XCConfigurationList section */
		033E8D1F29F69797003D9E10 /* Build configuration list for PBXProject "7-8" */ = {
			isa = XCConfigurationList;
			buildConfigurations = (
				033E8D4B29F69798003D9E10 /* Debug */,
				033E8D4C29F69798003D9E10 /* Release */,
			);
			defaultConfigurationIsVisible = 0;
			defaultConfigurationName = Release;
		};
		033E8D4D29F69798003D9E10 /* Build configuration list for PBXNativeTarget "7-8" */ = {
			isa = XCConfigurationList;
			buildConfigurations = (
				033E8D4E29F69798003D9E10 /* Debug */,
				033E8D4F29F69798003D9E10 /* Release */,
			);
			defaultConfigurationIsVisible = 0;
			defaultConfigurationName = Release;
		};
		033E8D5029F69798003D9E10 /* Build configuration list for PBXNativeTarget "7-8Tests" */ = {
			isa = XCConfigurationList;
			buildConfigurations = (
				033E8D5129F69798003D9E10 /* Debug */,
				033E8D5229F69798003D9E10 /* Release */,
			);
			defaultConfigurationIsVisible = 0;
			defaultConfigurationName = Release;
		};
		033E8D5329F69798003D9E10 /* Build configuration list for PBXNativeTarget "7-8UITests" */ = {
			isa = XCConfigurationList;
			buildConfigurations = (
				033E8D5429F69798003D9E10 /* Debug */,
				033E8D5529F69798003D9E10 /* Release */,
			);
			defaultConfigurationIsVisible = 0;
			defaultConfigurationName = Release;
		};
/* End XCConfigurationList section */

/* Begin XCVersionGroup section */
		033E8D3229F69798003D9E10 /* __8.xcdatamodeld */ = {
			isa = XCVersionGroup;
			children = (
				033E8D3329F69798003D9E10 /* __8.xcdatamodel */,
			);
			currentVersion = 033E8D3329F69798003D9E10 /* __8.xcdatamodel */;
			path = __8.xcdatamodeld;
			sourceTree = "<group>";
			versionGroupType = wrapper.xcdatamodel;
		};
/* End XCVersionGroup section */
	};
	rootObject = 033E8D1C29F69797003D9E10 /* Project object */;
}
